
Microsoft Visual Studio Solution File, Format Version 12.00
# Visual Studio Version 17
VisualStudioVersion = 17.4.33122.133
MinimumVisualStudioVersion = 10.0.40219.1
Project("{8BC9CEB8-8B4A-11D0-8D11-00A0C91BC942}") = "pwag02", "pwag02\pwag02.vcxproj", "{89A9795C-7A10-4CED-AA30-035E47BB0D82}"
EndProject
Global
	GlobalSection(SolutionConfigurationPlatforms) = preSolution
		Debug|x64 = Debug|x64
		Release|x64 = Release|x64
	EndGlobalSection
	GlobalSection(ProjectConfigurationPlatforms) = postSolution
		{89A9795C-7A10-4CED-AA30-035E47BB0D82}.Debug|x64.ActiveCfg = Debug|x64
		{89A9795C-7A10-4CED-AA30-035E47BB0D82}.Debug|x64.Build.0 = Debug|x64
		{89A9795C-7A10-4CED-AA30-035E47BB0D82}.Release|x64.ActiveCfg = Release|x64
		{89A9795C-7A10-4CED-AA30-035E47BB0D82}.Release|x64.Build.0 = Release|x64
	EndGlobalSection
	GlobalSection(SolutionProperties) = preSolution
		HideSolutionNode = FALSE
	EndGlobalSection
	GlobalSection(ExtensibilityGlobals) = postSolution
		SolutionGuid = {9C78D382-0CB7-41DB-BFDF-33BA35EB1ED8}
	EndGlobalSection
EndGlobal
